<?xml version="1.0" encoding="UTF-8" standalone="yes" ?>
<CodeBlocks_project_file>
	<FileVersion major="1" minor="6" />
	<Project>
		<Option title="Bloxa" />
		<Option pch_mode="2" />
		<Option compiler="gcc" />
		<Build>
			<Target title="ReleaseStatic">
				<Option output="bin/Bloxa" prefix_auto="1" extension_auto="1" />
				<Option working_dir="bin/" />
				<Option object_output="obj/" />
				<Option type="1" />
				<Option compiler="gcc" />
				<Compiler>
					<Add option="-O2" />
					<Add option="-std=c++17" />
					<Add option="-DSFML_STATIC" />
					<Add directory="C:/WORKCB32-2023/SFML-2.6.0-64/include" />
					<Add directory="../../../SFML-2.6.0-64/include" />
					<Add directory="../../../SFML-2.6.0/include" />
				</Compiler>
				<Linker>
					<Add option="-s" />
					<Add option="-static" />
					<Add library="libsfml-main.a" />
					<Add library="libsfml-graphics-s.a" />
					<Add library="libsfml-window-s.a" />
					<Add library="libopengl32.a" />
					<Add library="libgdi32.a" />
					<Add library="libfreetype.a" />
					<Add library="libsfml-system-s.a" />
					<Add library="libwinmm.a" />
					<Add directory="C:/WORKCB32-2023/SFML-2.6.0-64/lib" />
					<Add directory="../../../SFML-2.6.0-64/lib" />
					<Add directory="../../../SFML-2.6.0/lib" />
				</Linker>
			</Target>
		</Build>
		<Compiler>
			<Add option="-Wall" />
			<Add option="-fexceptions" />
		</Compiler>
		<Unit filename="code/!doc.txt" />
		<Unit filename="code/_games/games.h" />
		<Unit filename="code/_games/tests/collection/Test_Cell_01.h" />
		<Unit filename="code/_games/tests/collection/Test_Clock_01.h" />
		<Unit filename="code/_games/tests/collection/Test_Shaders_01/!start.h" />
		<Unit filename="code/_games/tests/collection/Test_Shaders_01/IEffect.hpp" />
		<Unit filename="code/_games/tests/collection/Test_Shaders_01/Shader.cpp" />
		<Unit filename="code/_games/tests/collection/Test_Shaders_01/shaders_sdk.h" />
		<Unit filename="code/_games/tests/collection/Test_Shaders_01/shaders_toy.h" />
		<Unit filename="code/_games/tests/collection/Test_Shaders_01/tile.h" />
		<Unit filename="code/_games/tests/collection/Zmeika_01/!start.h" />
		<Unit filename="code/_games/tests/collection/Zmeika_01/base.h" />
		<Unit filename="code/_games/tests/collection/Zmeika_01/main_zm.cpp" />
		<Unit filename="code/_games/tests/collection/Zmeika_01/maze_bme.h" />
		<Unit filename="code/_games/tests/collection/Zmeika_01/snake_02.h" />
		<Unit filename="code/_games/tests/collection/Zmeika_01/spritesloader.h" />
		<Unit filename="code/_games/tests/collection/Zmeika_01/zm_test_01.h" />
		<Unit filename="code/_games/tests/collection/Zmeika_01/zm_test_03.h" />
		<Unit filename="code/_games/tests/tests.h" />
		<Unit filename="code/_gui/buttons.h" />
		<Unit filename="code/_gui/gui.h" />
		<Unit filename="code/_log/logout.h" />
		<Unit filename="code/_redactor/redactor.h" />
		<Unit filename="code/global.cpp" />
		<Unit filename="code/global.h" />
		<Unit filename="code/main_blox.cpp" />
		<Unit filename="code/mylib/debug.h" />
		<Unit filename="code/mylib/mylib.h" />
		<Unit filename="code/render/cameras.h" />
		<Unit filename="code/render/fps.h" />
		<Unit filename="code/render/render.h" />
		<Unit filename="code/render/resources.h" />
		<Extensions>
			<lib_finder disable_auto="1" />
		</Extensions>
	</Project>
</CodeBlocks_project_file>
